
Microsoft Visual Studio Solution File, Format Version 12.00
# Visual Studio Version 17
VisualStudioVersion = 17.0.31903.59
MinimumVisualStudioVersion = 10.0.40219.1
Project("{2150E333-8FDC-42A3-9474-1A3956D46DE8}") = "src", "src", "{CD7C77DD-9573-48B9-8BA2-C87020B5A589}"
EndProject
Project("{FAE04EC0-301F-11D3-BF4B-00C04F79EFBC}") = "AuctionService", "src\AuctionService\AuctionService.csproj", "{45DF2CC1-E174-44DB-A814-1A8266CAC102}"
EndProject
Global
	GlobalSection(SolutionConfigurationPlatforms) = preSolution
		Debug|Any CPU = Debug|Any CPU
		Release|Any CPU = Release|Any CPU
	EndGlobalSection
	GlobalSection(SolutionProperties) = preSolution
		HideSolutionNode = FALSE
	EndGlobalSection
	GlobalSection(ProjectConfigurationPlatforms) = postSolution
		{45DF2CC1-E174-44DB-A814-1A8266CAC102}.Debug|Any CPU.ActiveCfg = Debug|Any CPU
		{45DF2CC1-E174-44DB-A814-1A8266CAC102}.Debug|Any CPU.Build.0 = Debug|Any CPU
		{45DF2CC1-E174-44DB-A814-1A8266CAC102}.Release|Any CPU.ActiveCfg = Release|Any CPU
		{45DF2CC1-E174-44DB-A814-1A8266CAC102}.Release|Any CPU.Build.0 = Release|Any CPU
	EndGlobalSection
	GlobalSection(NestedProjects) = preSolution
		{45DF2CC1-E174-44DB-A814-1A8266CAC102} = {CD7C77DD-9573-48B9-8BA2-C87020B5A589}
	EndGlobalSection
EndGlobal
